{
  "name": "testAction",
  "version": "1.0.0",
  "lockfileVersion": 1,
  "requires": true,
  "dependencies": {
    "@pixelondesign/bits-test": {
      "version": "1.0.0",
      "resolved": "https://registry.npmjs.org/@pixelondesign/bits-test/-/bits-test-1.0.0.tgz",
      "integrity": "sha512-4FcHjGEOeiwkKvEm96jt8PIKS2Ujj3/4DUKj/Vr/uN/+sPU6FaBghywHG1VsMJ91LeHlG0J+IkPKopz8fUsbfg=="
    }
  }
}
